
Microsoft Visual Studio Solution File, Format Version 12.00
# Visual Studio Version 17
VisualStudioVersion = 17.9.34728.123
MinimumVisualStudioVersion = 10.0.40219.1
Project("{9A19103F-16F7-4668-BE54-9A1E7A4F7556}") = "DialControl", "DialControl\DialControl.csproj", "{9FC1D791-0BDB-4FC4-B3B1-A46D70EAC463}"
EndProject
Project("{FAE04EC0-301F-11D3-BF4B-00C04F79EFBC}") = "WpfDial", "WpfDial\WpfDial.csproj", "{04C7EA67-EAAA-4CD7-B84D-01CFF1603028}"
EndProject
Global
	GlobalSection(SolutionConfigurationPlatforms) = preSolution
		Debug|Any CPU = Debug|Any CPU
		Debug|x64 = Debug|x64
		Release|Any CPU = Release|Any CPU
		Release|x64 = Release|x64
	EndGlobalSection
	GlobalSection(ProjectConfigurationPlatforms) = postSolution
		{9FC1D791-0BDB-4FC4-B3B1-A46D70EAC463}.Debug|Any CPU.ActiveCfg = Debug|Any CPU
		{9FC1D791-0BDB-4FC4-B3B1-A46D70EAC463}.Debug|Any CPU.Build.0 = Debug|Any CPU
		{9FC1D791-0BDB-4FC4-B3B1-A46D70EAC463}.Debug|x64.ActiveCfg = Debug|x64
		{9FC1D791-0BDB-4FC4-B3B1-A46D70EAC463}.Debug|x64.Build.0 = Debug|x64
		{9FC1D791-0BDB-4FC4-B3B1-A46D70EAC463}.Release|Any CPU.ActiveCfg = Release|Any CPU
		{9FC1D791-0BDB-4FC4-B3B1-A46D70EAC463}.Release|Any CPU.Build.0 = Release|Any CPU
		{9FC1D791-0BDB-4FC4-B3B1-A46D70EAC463}.Release|x64.ActiveCfg = Release|x64
		{9FC1D791-0BDB-4FC4-B3B1-A46D70EAC463}.Release|x64.Build.0 = Release|x64
		{04C7EA67-EAAA-4CD7-B84D-01CFF1603028}.Debug|Any CPU.ActiveCfg = Debug|Any CPU
		{04C7EA67-EAAA-4CD7-B84D-01CFF1603028}.Debug|Any CPU.Build.0 = Debug|Any CPU
		{04C7EA67-EAAA-4CD7-B84D-01CFF1603028}.Debug|x64.ActiveCfg = Debug|Any CPU
		{04C7EA67-EAAA-4CD7-B84D-01CFF1603028}.Debug|x64.Build.0 = Debug|Any CPU
		{04C7EA67-EAAA-4CD7-B84D-01CFF1603028}.Release|Any CPU.ActiveCfg = Release|Any CPU
		{04C7EA67-EAAA-4CD7-B84D-01CFF1603028}.Release|Any CPU.Build.0 = Release|Any CPU
		{04C7EA67-EAAA-4CD7-B84D-01CFF1603028}.Release|x64.ActiveCfg = Release|Any CPU
		{04C7EA67-EAAA-4CD7-B84D-01CFF1603028}.Release|x64.Build.0 = Release|Any CPU
	EndGlobalSection
	GlobalSection(SolutionProperties) = preSolution
		HideSolutionNode = FALSE
	EndGlobalSection
	GlobalSection(ExtensibilityGlobals) = postSolution
		SolutionGuid = {5221847C-A658-4833-BBC8-D06D61F5F903}
	EndGlobalSection
EndGlobal
